
Microsoft Visual Studio Solution File, Format Version 12.00
# Visual Studio Version 16
VisualStudioVersion = 16.0.30011.22
MinimumVisualStudioVersion = 10.0.40219.1
Project("{9A19103F-16F7-4668-BE54-9A1E7A4F7556}") = "DeviceApp", "DeviceApp\DeviceApp.csproj", "{2D3474E5-E00A-4D57-A4E5-AEDAAB42C978}"
EndProject
Project("{9A19103F-16F7-4668-BE54-9A1E7A4F7556}") = "DeviceDB", "DeviceDB\DeviceDB.csproj", "{BF9E20E6-81CE-4243-8B58-433BA384175D}"
EndProject
Project("{9A19103F-16F7-4668-BE54-9A1E7A4F7556}") = "Repository", "DeviceRepository\Repository.csproj", "{74EED05F-8A3A-4C10-BFD3-18B573965374}"
EndProject
Global
	GlobalSection(SolutionConfigurationPlatforms) = preSolution
		Debug|Any CPU = Debug|Any CPU
		Release|Any CPU = Release|Any CPU
	EndGlobalSection
	GlobalSection(ProjectConfigurationPlatforms) = postSolution
		{2D3474E5-E00A-4D57-A4E5-AEDAAB42C978}.Debug|Any CPU.ActiveCfg = Debug|Any CPU
		{2D3474E5-E00A-4D57-A4E5-AEDAAB42C978}.Debug|Any CPU.Build.0 = Debug|Any CPU
		{2D3474E5-E00A-4D57-A4E5-AEDAAB42C978}.Release|Any CPU.ActiveCfg = Release|Any CPU
		{2D3474E5-E00A-4D57-A4E5-AEDAAB42C978}.Release|Any CPU.Build.0 = Release|Any CPU
		{BF9E20E6-81CE-4243-8B58-433BA384175D}.Debug|Any CPU.ActiveCfg = Debug|Any CPU
		{BF9E20E6-81CE-4243-8B58-433BA384175D}.Debug|Any CPU.Build.0 = Debug|Any CPU
		{BF9E20E6-81CE-4243-8B58-433BA384175D}.Release|Any CPU.ActiveCfg = Release|Any CPU
		{BF9E20E6-81CE-4243-8B58-433BA384175D}.Release|Any CPU.Build.0 = Release|Any CPU
		{74EED05F-8A3A-4C10-BFD3-18B573965374}.Debug|Any CPU.ActiveCfg = Debug|Any CPU
		{74EED05F-8A3A-4C10-BFD3-18B573965374}.Debug|Any CPU.Build.0 = Debug|Any CPU
		{74EED05F-8A3A-4C10-BFD3-18B573965374}.Release|Any CPU.ActiveCfg = Release|Any CPU
		{74EED05F-8A3A-4C10-BFD3-18B573965374}.Release|Any CPU.Build.0 = Release|Any CPU
	EndGlobalSection
	GlobalSection(SolutionProperties) = preSolution
		HideSolutionNode = FALSE
	EndGlobalSection
	GlobalSection(ExtensibilityGlobals) = postSolution
		SolutionGuid = {B0FB7607-34C8-4857-8DBD-51D8FEBA634D}
	EndGlobalSection
EndGlobal
