
Microsoft Visual Studio Solution File, Format Version 12.00
# Visual Studio Version 16
VisualStudioVersion = 16.0.30011.22
MinimumVisualStudioVersion = 10.0.40219.1
Project("{FAE04EC0-301F-11D3-BF4B-00C04F79EFBC}") = "Homework6", "Homework6\Homework6.csproj", "{A6E1A9D4-059B-46F2-B4BB-B39562DE3122}"
EndProject
Global
	GlobalSection(SolutionConfigurationPlatforms) = preSolution
		Debug|Any CPU = Debug|Any CPU
		Release|Any CPU = Release|Any CPU
	EndGlobalSection
	GlobalSection(ProjectConfigurationPlatforms) = postSolution
		{A6E1A9D4-059B-46F2-B4BB-B39562DE3122}.Debug|Any CPU.ActiveCfg = Debug|Any CPU
		{A6E1A9D4-059B-46F2-B4BB-B39562DE3122}.Debug|Any CPU.Build.0 = Debug|Any CPU
		{A6E1A9D4-059B-46F2-B4BB-B39562DE3122}.Release|Any CPU.ActiveCfg = Release|Any CPU
		{A6E1A9D4-059B-46F2-B4BB-B39562DE3122}.Release|Any CPU.Build.0 = Release|Any CPU
	EndGlobalSection
	GlobalSection(SolutionProperties) = preSolution
		HideSolutionNode = FALSE
	EndGlobalSection
	GlobalSection(ExtensibilityGlobals) = postSolution
		SolutionGuid = {3BEEEB98-F224-4004-9532-0DF108343D4E}
	EndGlobalSection
EndGlobal
